
Microsoft Visual Studio Solution File, Format Version 12.00
# Visual Studio Version 16
VisualStudioVersion = 16.0.30204.135
MinimumVisualStudioVersion = 10.0.40219.1
Project("{FAE04EC0-301F-11D3-BF4B-00C04F79EFBC}") = "XamarinFresco.Android", "XamarinFresco\XamarinFresco.Android\XamarinFresco.Android.csproj", "{9F14136E-9382-4922-8D00-C1A0170394CE}"
EndProject
Project("{FAE04EC0-301F-11D3-BF4B-00C04F79EFBC}") = "XamarinFresco.iOS", "XamarinFresco\XamarinFresco.iOS\XamarinFresco.iOS.csproj", "{DDB95112-57C1-4D10-9DA1-A29CCA7CE67F}"
EndProject
Project("{FAE04EC0-301F-11D3-BF4B-00C04F79EFBC}") = "XamarinFresco", "XamarinFresco\XamarinFresco\XamarinFresco.csproj", "{601F681D-923D-469B-B316-64003A7BE8C9}"
EndProject
Global
	GlobalSection(SolutionConfigurationPlatforms) = preSolution
		Debug|Any CPU = Debug|Any CPU
		Debug|iPhone = Debug|iPhone
		Debug|iPhoneSimulator = Debug|iPhoneSimulator
		Release|Any CPU = Release|Any CPU
		Release|iPhone = Release|iPhone
		Release|iPhoneSimulator = Release|iPhoneSimulator
	EndGlobalSection
	GlobalSection(ProjectConfigurationPlatforms) = postSolution
		{9F14136E-9382-4922-8D00-C1A0170394CE}.Debug|Any CPU.ActiveCfg = Debug|Any CPU
		{9F14136E-9382-4922-8D00-C1A0170394CE}.Debug|Any CPU.Build.0 = Debug|Any CPU
		{9F14136E-9382-4922-8D00-C1A0170394CE}.Debug|Any CPU.Deploy.0 = Debug|Any CPU
		{9F14136E-9382-4922-8D00-C1A0170394CE}.Debug|iPhone.ActiveCfg = Debug|Any CPU
		{9F14136E-9382-4922-8D00-C1A0170394CE}.Debug|iPhone.Build.0 = Debug|Any CPU
		{9F14136E-9382-4922-8D00-C1A0170394CE}.Debug|iPhone.Deploy.0 = Debug|Any CPU
		{9F14136E-9382-4922-8D00-C1A0170394CE}.Debug|iPhoneSimulator.ActiveCfg = Debug|Any CPU
		{9F14136E-9382-4922-8D00-C1A0170394CE}.Debug|iPhoneSimulator.Build.0 = Debug|Any CPU
		{9F14136E-9382-4922-8D00-C1A0170394CE}.Debug|iPhoneSimulator.Deploy.0 = Debug|Any CPU
		{9F14136E-9382-4922-8D00-C1A0170394CE}.Release|Any CPU.ActiveCfg = Release|Any CPU
		{9F14136E-9382-4922-8D00-C1A0170394CE}.Release|Any CPU.Build.0 = Release|Any CPU
		{9F14136E-9382-4922-8D00-C1A0170394CE}.Release|Any CPU.Deploy.0 = Release|Any CPU
		{9F14136E-9382-4922-8D00-C1A0170394CE}.Release|iPhone.ActiveCfg = Release|Any CPU
		{9F14136E-9382-4922-8D00-C1A0170394CE}.Release|iPhone.Build.0 = Release|Any CPU
		{9F14136E-9382-4922-8D00-C1A0170394CE}.Release|iPhone.Deploy.0 = Release|Any CPU
		{9F14136E-9382-4922-8D00-C1A0170394CE}.Release|iPhoneSimulator.ActiveCfg = Release|Any CPU
		{9F14136E-9382-4922-8D00-C1A0170394CE}.Release|iPhoneSimulator.Build.0 = Release|Any CPU
		{9F14136E-9382-4922-8D00-C1A0170394CE}.Release|iPhoneSimulator.Deploy.0 = Release|Any CPU
		{DDB95112-57C1-4D10-9DA1-A29CCA7CE67F}.Debug|Any CPU.ActiveCfg = Debug|iPhone
		{DDB95112-57C1-4D10-9DA1-A29CCA7CE67F}.Debug|Any CPU.Build.0 = Debug|iPhone
		{DDB95112-57C1-4D10-9DA1-A29CCA7CE67F}.Debug|Any CPU.Deploy.0 = Debug|iPhone
		{DDB95112-57C1-4D10-9DA1-A29CCA7CE67F}.Debug|iPhone.ActiveCfg = Debug|iPhone
		{DDB95112-57C1-4D10-9DA1-A29CCA7CE67F}.Debug|iPhone.Build.0 = Debug|iPhone
		{DDB95112-57C1-4D10-9DA1-A29CCA7CE67F}.Debug|iPhone.Deploy.0 = Debug|iPhone
		{DDB95112-57C1-4D10-9DA1-A29CCA7CE67F}.Debug|iPhoneSimulator.ActiveCfg = Debug|iPhoneSimulator
		{DDB95112-57C1-4D10-9DA1-A29CCA7CE67F}.Debug|iPhoneSimulator.Build.0 = Debug|iPhoneSimulator
		{DDB95112-57C1-4D10-9DA1-A29CCA7CE67F}.Debug|iPhoneSimulator.Deploy.0 = Debug|iPhoneSimulator
		{DDB95112-57C1-4D10-9DA1-A29CCA7CE67F}.Release|Any CPU.ActiveCfg = Release|iPhone
		{DDB95112-57C1-4D10-9DA1-A29CCA7CE67F}.Release|Any CPU.Build.0 = Release|iPhone
		{DDB95112-57C1-4D10-9DA1-A29CCA7CE67F}.Release|Any CPU.Deploy.0 = Release|iPhone
		{DDB95112-57C1-4D10-9DA1-A29CCA7CE67F}.Release|iPhone.ActiveCfg = Release|iPhone
		{DDB95112-57C1-4D10-9DA1-A29CCA7CE67F}.Release|iPhone.Build.0 = Release|iPhone
		{DDB95112-57C1-4D10-9DA1-A29CCA7CE67F}.Release|iPhone.Deploy.0 = Release|iPhone
		{DDB95112-57C1-4D10-9DA1-A29CCA7CE67F}.Release|iPhoneSimulator.ActiveCfg = Release|iPhoneSimulator
		{DDB95112-57C1-4D10-9DA1-A29CCA7CE67F}.Release|iPhoneSimulator.Build.0 = Release|iPhoneSimulator
		{DDB95112-57C1-4D10-9DA1-A29CCA7CE67F}.Release|iPhoneSimulator.Deploy.0 = Release|iPhoneSimulator
		{601F681D-923D-469B-B316-64003A7BE8C9}.Debug|Any CPU.ActiveCfg = Debug|Any CPU
		{601F681D-923D-469B-B316-64003A7BE8C9}.Debug|Any CPU.Build.0 = Debug|Any CPU
		{601F681D-923D-469B-B316-64003A7BE8C9}.Debug|Any CPU.Deploy.0 = Debug|Any CPU
		{601F681D-923D-469B-B316-64003A7BE8C9}.Debug|iPhone.ActiveCfg = Debug|Any CPU
		{601F681D-923D-469B-B316-64003A7BE8C9}.Debug|iPhone.Build.0 = Debug|Any CPU
		{601F681D-923D-469B-B316-64003A7BE8C9}.Debug|iPhone.Deploy.0 = Debug|Any CPU
		{601F681D-923D-469B-B316-64003A7BE8C9}.Debug|iPhoneSimulator.ActiveCfg = Debug|Any CPU
		{601F681D-923D-469B-B316-64003A7BE8C9}.Debug|iPhoneSimulator.Build.0 = Debug|Any CPU
		{601F681D-923D-469B-B316-64003A7BE8C9}.Debug|iPhoneSimulator.Deploy.0 = Debug|Any CPU
		{601F681D-923D-469B-B316-64003A7BE8C9}.Release|Any CPU.ActiveCfg = Release|Any CPU
		{601F681D-923D-469B-B316-64003A7BE8C9}.Release|Any CPU.Build.0 = Release|Any CPU
		{601F681D-923D-469B-B316-64003A7BE8C9}.Release|Any CPU.Deploy.0 = Release|Any CPU
		{601F681D-923D-469B-B316-64003A7BE8C9}.Release|iPhone.ActiveCfg = Release|Any CPU
		{601F681D-923D-469B-B316-64003A7BE8C9}.Release|iPhone.Build.0 = Release|Any CPU
		{601F681D-923D-469B-B316-64003A7BE8C9}.Release|iPhone.Deploy.0 = Release|Any CPU
		{601F681D-923D-469B-B316-64003A7BE8C9}.Release|iPhoneSimulator.ActiveCfg = Release|Any CPU
		{601F681D-923D-469B-B316-64003A7BE8C9}.Release|iPhoneSimulator.Build.0 = Release|Any CPU
		{601F681D-923D-469B-B316-64003A7BE8C9}.Release|iPhoneSimulator.Deploy.0 = Release|Any CPU
	EndGlobalSection
	GlobalSection(SolutionProperties) = preSolution
		HideSolutionNode = FALSE
	EndGlobalSection
	GlobalSection(ExtensibilityGlobals) = postSolution
		SolutionGuid = {C488EA89-CA62-4865-9E08-752C38E1DF14}
	EndGlobalSection
EndGlobal
